
Microsoft Visual Studio Solution File, Format Version 12.00
# Visual Studio 15
VisualStudioVersion = 15.0.28307.168
MinimumVisualStudioVersion = 10.0.40219.1
Project("{9A19103F-16F7-4668-BE54-9A1E7A4F7556}") = "Friction.WebVS", "Friction.WebVS.csproj", "{38AC16DA-700C-4123-A3BD-9AD4A33DAE59}"
EndProject
Project("{FAE04EC0-301F-11D3-BF4B-00C04F79EFBC}") = "Friction.Specs", "..\Friction.Specs\Friction.Specs.csproj", "{3CBA71A7-34F6-4704-881A-C3352589811A}"
EndProject
Global
	GlobalSection(SolutionConfigurationPlatforms) = preSolution
		Debug|Any CPU = Debug|Any CPU
		Release|Any CPU = Release|Any CPU
	EndGlobalSection
	GlobalSection(ProjectConfigurationPlatforms) = postSolution
		{38AC16DA-700C-4123-A3BD-9AD4A33DAE59}.Debug|Any CPU.ActiveCfg = Debug|Any CPU
		{38AC16DA-700C-4123-A3BD-9AD4A33DAE59}.Debug|Any CPU.Build.0 = Debug|Any CPU
		{38AC16DA-700C-4123-A3BD-9AD4A33DAE59}.Release|Any CPU.ActiveCfg = Release|Any CPU
		{38AC16DA-700C-4123-A3BD-9AD4A33DAE59}.Release|Any CPU.Build.0 = Release|Any CPU
		{3CBA71A7-34F6-4704-881A-C3352589811A}.Debug|Any CPU.ActiveCfg = Debug|Any CPU
		{3CBA71A7-34F6-4704-881A-C3352589811A}.Debug|Any CPU.Build.0 = Debug|Any CPU
		{3CBA71A7-34F6-4704-881A-C3352589811A}.Release|Any CPU.ActiveCfg = Release|Any CPU
		{3CBA71A7-34F6-4704-881A-C3352589811A}.Release|Any CPU.Build.0 = Release|Any CPU
	EndGlobalSection
	GlobalSection(SolutionProperties) = preSolution
		HideSolutionNode = FALSE
	EndGlobalSection
	GlobalSection(ExtensibilityGlobals) = postSolution
		SolutionGuid = {FF10B241-33B9-4B50-855F-5058980734AB}
	EndGlobalSection
EndGlobal
